// !$*UTF8*$!
{
	archiveVersion = 1;
	classes = {
	};
	objectVersion = 39;
	objects = {
		080E96DDFE201D6D7F000001 = {
			children = (
				E7E679A1066343AF004F1581,
				E7004EE7065F8143000FB224,
			);
			isa = PBXGroup;
			name = Classes;
			refType = 4;
			sourceTree = "<group>";
		};
//080
//081
//082
//083
//084
//100
//101
//102
//103
//104
		1058C7A0FEA54F0111CA2CBB = {
			children = (
				1058C7A1FEA54F0111CA2CBB,
			);
			isa = PBXGroup;
			name = "Linked Frameworks";
			refType = 4;
			sourceTree = "<group>";
		};
		1058C7A1FEA54F0111CA2CBB = {
			isa = PBXFileReference;
			lastKnownFileType = wrapper.framework;
			name = Cocoa.framework;
			path = /System/Library/Frameworks/Cocoa.framework;
			refType = 0;
			sourceTree = "<absolute>";
		};
		1058C7A2FEA54F0111CA2CBB = {
			children = (
				29B97325FDCFA39411CA2CEA,
				29B97324FDCFA39411CA2CEA,
			);
			isa = PBXGroup;
			name = "Other Frameworks";
			refType = 4;
			sourceTree = "<group>";
		};
//100
//101
//102
//103
//104
//190
//191
//192
//193
//194
		19C28FACFE9D520D11CA2CBB = {
			children = (
				E74DB7E206B460B300004BD4,
			);
			isa = PBXGroup;
			name = Products;
			refType = 4;
			sourceTree = "<group>";
		};
//190
//191
//192
//193
//194
//290
//291
//292
//293
//294
		29B97313FDCFA39411CA2CEA = {
			buildSettings = {
			};
			buildStyles = (
				4A9504CCFFE6A4B311CA0CBA,
				4A9504CDFFE6A4B311CA0CBA,
			);
			hasScannedForEncodings = 1;
			isa = PBXProject;
			mainGroup = 29B97314FDCFA39411CA2CEA;
			projectDirPath = "";
			targets = (
				E74DB79F06B460B300004BD4,
			);
		};
		29B97314FDCFA39411CA2CEA = {
			children = (
				E7004EDC065F8132000FB224,
				080E96DDFE201D6D7F000001,
				29B97315FDCFA39411CA2CEA,
				29B97317FDCFA39411CA2CEA,
				29B97323FDCFA39411CA2CEA,
				19C28FACFE9D520D11CA2CBB,
			);
			isa = PBXGroup;
			name = openc2e;
			path = "";
			refType = 4;
			sourceTree = "<group>";
		};
		29B97315FDCFA39411CA2CEA = {
			children = (
				E711E00807481ADC00EDF13D,
				E7F12847072C47750023ADBD,
				E711E00507481ADC00EDF13D,
				E7F12848072C47750023ADBD,
				E7004F61065F8FBE000FB224,
				E777176306AF0E8C00507FAF,
				F5A47A9F01A0483001D3D55B,
			);
			isa = PBXGroup;
			name = "Other Sources";
			path = "";
			refType = 4;
			sourceTree = "<group>";
		};
		29B97317FDCFA39411CA2CEA = {
			children = (
			);
			isa = PBXGroup;
			name = Resources;
			path = "";
			refType = 4;
			sourceTree = "<group>";
		};
		29B97323FDCFA39411CA2CEA = {
			children = (
				1058C7A0FEA54F0111CA2CBB,
				1058C7A2FEA54F0111CA2CBB,
			);
			isa = PBXGroup;
			name = Frameworks;
			path = "";
			refType = 4;
			sourceTree = "<group>";
		};
		29B97324FDCFA39411CA2CEA = {
			isa = PBXFileReference;
			lastKnownFileType = wrapper.framework;
			name = AppKit.framework;
			path = /System/Library/Frameworks/AppKit.framework;
			refType = 0;
			sourceTree = "<absolute>";
		};
		29B97325FDCFA39411CA2CEA = {
			isa = PBXFileReference;
			lastKnownFileType = wrapper.framework;
			name = Foundation.framework;
			path = /System/Library/Frameworks/Foundation.framework;
			refType = 0;
			sourceTree = "<absolute>";
		};
//290
//291
//292
//293
//294
//4A0
//4A1
//4A2
//4A3
//4A4
		4A9504CCFFE6A4B311CA0CBA = {
			buildSettings = {
				COPY_PHASE_STRIP = NO;
				GCC_DYNAMIC_NO_PIC = NO;
				GCC_ENABLE_FIX_AND_CONTINUE = YES;
				GCC_GENERATE_DEBUGGING_SYMBOLS = YES;
				GCC_MODEL_CPU = G3;
				GCC_OPTIMIZATION_LEVEL = 0;
				GCC_WARN_EFFECTIVE_CPLUSPLUS_VIOLATIONS = NO;
				GCC_WARN_NON_VIRTUAL_DESTRUCTOR = YES;
				GCC_WARN_SHADOW = NO;
				GCC_WARN_SIGN_COMPARE = YES;
				GCC_WARN_UNUSED_PARAMETER = YES;
				GCC_WARN_UNUSED_VALUE = NO;
				GCC_WARN_UNUSED_VARIABLE = YES;
				HEADER_SEARCH_PATHS = "/usr/local/include/boost-1_31/";
				OPTIMIZATION_CFLAGS = "-O0";
				ZERO_LINK = NO;
			};
			isa = PBXBuildStyle;
			name = Development;
		};
		4A9504CDFFE6A4B311CA0CBA = {
			buildSettings = {
				COPY_PHASE_STRIP = YES;
				GCC_ENABLE_FIX_AND_CONTINUE = NO;
				ZERO_LINK = NO;
			};
			isa = PBXBuildStyle;
			name = Deployment;
		};
//4A0
//4A1
//4A2
//4A3
//4A4
//E70
//E71
//E72
//E73
//E74
		E7004EDC065F8132000FB224 = {
			children = (
				E765976D06B1C47A00A0CA58,
				E765976E06B1C47A00A0CA58,
				E765976F06B1C47A00A0CA58,
				F5A47A9D01A0482F01D3D55B,
				F5A47A9E01A0483001D3D55B,
			);
			isa = PBXGroup;
			name = "SDL Classes";
			refType = 4;
			sourceTree = "<group>";
		};
		E7004EE7065F8143000FB224 = {
			children = (
				E711E01007481AF700EDF13D,
				E711E00F07481AEB00EDF13D,
				E7004EF9065F8199000FB224,
				E7659A9406B2DEC700A0CA58,
				E7659A9506B2DEC700A0CA58,
			);
			isa = PBXGroup;
			name = "file classes";
			refType = 4;
			sourceTree = "<group>";
		};
		E7004EEB065F8186000FB224 = {
			fileEncoding = 4;
			isa = PBXFileReference;
			lastKnownFileType = sourcecode.c.h;
			path = creaturesImage.h;
			refType = 4;
			sourceTree = "<group>";
		};
		E7004EF9065F8199000FB224 = {
			children = (
				E777172A06AF0CEF00507FAF,
				E7004EEB065F8186000FB224,
				E7004F04065F81B4000FB224,
				E7004F05065F81B4000FB224,
				E7E679630663419C004F1581,
				E7E679640663419C004F1581,
				E789D75C06B17D8900CCD159,
				E789D75D06B17D8900CCD159,
			);
			isa = PBXGroup;
			name = "image classes";
			refType = 4;
			sourceTree = "<group>";
		};
		E7004F04065F81B4000FB224 = {
			fileEncoding = 4;
			isa = PBXFileReference;
			lastKnownFileType = sourcecode.c.h;
			path = c16Image.h;
			refType = 4;
			sourceTree = "<group>";
		};
		E7004F05065F81B4000FB224 = {
			fileEncoding = 4;
			isa = PBXFileReference;
			lastKnownFileType = sourcecode.cpp.cpp;
			path = c16Image.cpp;
			refType = 4;
			sourceTree = "<group>";
		};
		E7004F61065F8FBE000FB224 = {
			fileEncoding = 4;
			isa = PBXFileReference;
			lastKnownFileType = sourcecode.c.h;
			path = endianlove.h;
			refType = 4;
			sourceTree = "<group>";
		};
		E711E00307481ADC00EDF13D = {
			fileEncoding = 30;
			isa = PBXFileReference;
			lastKnownFileType = sourcecode.cpp.cpp;
			path = Catalogue.cpp;
			refType = 4;
			sourceTree = "<group>";
		};
		E711E00407481ADC00EDF13D = {
			fileEncoding = 30;
			isa = PBXFileReference;
			lastKnownFileType = sourcecode.c.h;
			path = Catalogue.h;
			refType = 4;
			sourceTree = "<group>";
		};
		E711E00507481ADC00EDF13D = {
			fileEncoding = 30;
			isa = PBXFileReference;
			lastKnownFileType = sourcecode.c.h;
			path = exceptions.h;
			refType = 4;
			sourceTree = "<group>";
		};
		E711E00607481ADC00EDF13D = {
			fileEncoding = 30;
			isa = PBXFileReference;
			lastKnownFileType = sourcecode.c.h;
			path = genome.h;
			refType = 4;
			sourceTree = "<group>";
		};
		E711E00707481ADC00EDF13D = {
			fileEncoding = 30;
			isa = PBXFileReference;
			lastKnownFileType = sourcecode.cpp.cpp;
			path = genomeFile.cpp;
			refType = 4;
			sourceTree = "<group>";
		};
		E711E00807481ADC00EDF13D = {
			fileEncoding = 30;
			isa = PBXFileReference;
			lastKnownFileType = sourcecode.cpp.cpp;
			path = streamutils.cpp;
			refType = 4;
			sourceTree = "<group>";
		};
		E711E00907481ADC00EDF13D = {
			fileRef = E711E00307481ADC00EDF13D;
			isa = PBXBuildFile;
			settings = {
			};
		};
		E711E00A07481ADC00EDF13D = {
			fileRef = E711E00407481ADC00EDF13D;
			isa = PBXBuildFile;
			settings = {
			};
		};
		E711E00B07481ADC00EDF13D = {
			fileRef = E711E00507481ADC00EDF13D;
			isa = PBXBuildFile;
			settings = {
			};
		};
		E711E00C07481ADC00EDF13D = {
			fileRef = E711E00607481ADC00EDF13D;
			isa = PBXBuildFile;
			settings = {
			};
		};
		E711E00D07481ADC00EDF13D = {
			fileRef = E711E00707481ADC00EDF13D;
			isa = PBXBuildFile;
			settings = {
			};
		};
		E711E00E07481ADC00EDF13D = {
			fileRef = E711E00807481ADC00EDF13D;
			isa = PBXBuildFile;
			settings = {
			};
		};
		E711E00F07481AEB00EDF13D = {
			children = (
				E711E00307481ADC00EDF13D,
				E711E00407481ADC00EDF13D,
			);
			isa = PBXGroup;
			name = "catalogue classes";
			refType = 4;
			sourceTree = "<group>";
		};
		E711E01007481AF700EDF13D = {
			children = (
				E711E00607481ADC00EDF13D,
				E711E00707481ADC00EDF13D,
			);
			isa = PBXGroup;
			name = "genome classes";
			refType = 4;
			sourceTree = "<group>";
		};
		E748CFD2066538E000BF1F9A = {
			fileEncoding = 4;
			isa = PBXFileReference;
			lastKnownFileType = sourcecode.cpp.cpp;
			path = caosVM_cmdinfo.cpp;
			refType = 4;
			sourceTree = "<group>";
		};
		E74DB79F06B460B300004BD4 = {
			buildPhases = (
				E74DB7A006B460B300004BD4,
				E74DB7BA06B460B300004BD4,
				E74DB7DF06B460B300004BD4,
			);
			buildRules = (
			);
			buildSettings = {
				FRAMEWORK_SEARCH_PATHS = "$(HOME)/Library/Frameworks";
				HEADER_SEARCH_PATHS = "$(HOME)/Library/Frameworks/SDL.framework/Headers";
				INFOPLIST_FILE = Info.plist;
				INSTALL_PATH = "$(HOME)/Applications";
				LIBRARY_SEARCH_PATHS = "";
				OTHER_CFLAGS = "-Wall";
				OTHER_LDFLAGS = "-lboost_filesystem -framework SDL";
				PRODUCT_NAME = openc2e;
				SECTORDER_FLAGS = "";
				WARNING_CFLAGS = "-Wmost -Wno-four-char-constants -Wno-unknown-pragmas";
				WRAPPER_EXTENSION = app;
			};
			dependencies = (
			);
			isa = PBXNativeTarget;
			name = openc2e;
			productInstallPath = "$(HOME)/Applications";
			productName = openc2e;
			productReference = E74DB7E206B460B300004BD4;
			productType = "com.apple.product-type.application";
		};
		E74DB7A006B460B300004BD4 = {
			buildActionMask = 2147483647;
			files = (
				E74DB7A106B460B300004BD4,
				E74DB7A206B460B300004BD4,
				E74DB7A306B460B300004BD4,
				E74DB7A406B460B300004BD4,
				E74DB7A506B460B300004BD4,
				E74DB7A606B460B300004BD4,
				E74DB7A706B460B300004BD4,
				E74DB7A806B460B300004BD4,
				E74DB7A906B460B300004BD4,
				E74DB7AA06B460B300004BD4,
				E74DB7AB06B460B300004BD4,
				E74DB7AC06B460B300004BD4,
				E74DB7AD06B460B300004BD4,
				E74DB7AE06B460B300004BD4,
				E74DB7AF06B460B300004BD4,
				E74DB7B006B460B300004BD4,
				E74DB7B106B460B300004BD4,
				E74DB7B206B460B300004BD4,
				E74DB7B306B460B300004BD4,
				E74DB7B406B460B300004BD4,
				E74DB7B506B460B300004BD4,
				E74DB7B606B460B300004BD4,
				E74DB7B706B460B300004BD4,
				E7F127FF072C2C200023ADBD,
				E7F12849072C47750023ADBD,
				E7B0D7E7073BD6F6005B376D,
				E711E00A07481ADC00EDF13D,
				E711E00B07481ADC00EDF13D,
				E711E00C07481ADC00EDF13D,
			);
			isa = PBXHeadersBuildPhase;
			runOnlyForDeploymentPostprocessing = 0;
		};
		E74DB7A106B460B300004BD4 = {
			fileRef = F5A47A9D01A0482F01D3D55B;
			isa = PBXBuildFile;
			settings = {
			};
		};
		E74DB7A206B460B300004BD4 = {
			fileRef = E7004EEB065F8186000FB224;
			isa = PBXBuildFile;
			settings = {
			};
		};
		E74DB7A306B460B300004BD4 = {
			fileRef = E7004F04065F81B4000FB224;
			isa = PBXBuildFile;
			settings = {
			};
		};
		E74DB7A406B460B300004BD4 = {
			fileRef = E7004F61065F8FBE000FB224;
			isa = PBXBuildFile;
			settings = {
			};
		};
		E74DB7A506B460B300004BD4 = {
			fileRef = E7E679630663419C004F1581;
			isa = PBXBuildFile;
			settings = {
			};
		};
		E74DB7A606B460B300004BD4 = {
			fileRef = E7E679A9066353D0004F1581;
			isa = PBXBuildFile;
			settings = {
			};
		};
		E74DB7A706B460B300004BD4 = {
			fileRef = E7E679B606635404004F1581;
			isa = PBXBuildFile;
			settings = {
			};
		};
		E74DB7A806B460B300004BD4 = {
			fileRef = E7E679C10663540C004F1581;
			isa = PBXBuildFile;
			settings = {
			};
		};
		E74DB7A906B460B300004BD4 = {
			fileRef = E7E679CE06635444004F1581;
			isa = PBXBuildFile;
			settings = {
			};
		};
		E74DB7AA06B460B300004BD4 = {
			fileRef = E7E679E106635680004F1581;
			isa = PBXBuildFile;
			settings = {
			};
		};
		E74DB7AB06B460B300004BD4 = {
			fileRef = E7E679EC066359B6004F1581;
			isa = PBXBuildFile;
			settings = {
			};
		};
		E74DB7AC06B460B300004BD4 = {
			fileRef = E7E67A7106635FD8004F1581;
			isa = PBXBuildFile;
			settings = {
			};
		};
		E74DB7AD06B460B300004BD4 = {
			fileRef = E7E67A9C066367BF004F1581;
			isa = PBXBuildFile;
			settings = {
			};
		};
		E74DB7AE06B460B300004BD4 = {
			fileRef = E7E67AC8066368D8004F1581;
			isa = PBXBuildFile;
			settings = {
			};
		};
		E74DB7AF06B460B300004BD4 = {
			fileRef = E7E67B3706638B28004F1581;
			isa = PBXBuildFile;
			settings = {
			};
		};
		E74DB7B006B460B300004BD4 = {
			fileRef = E7E67B7806638C7C004F1581;
			isa = PBXBuildFile;
			settings = {
			};
		};
		E74DB7B106B460B300004BD4 = {
			fileRef = E77716DB06AF0C9900507FAF;
			isa = PBXBuildFile;
			settings = {
			};
		};
		E74DB7B206B460B300004BD4 = {
			fileRef = E777176306AF0E8C00507FAF;
			isa = PBXBuildFile;
			settings = {
			};
		};
		E74DB7B306B460B300004BD4 = {
			fileRef = E77717D306AF0FF900507FAF;
			isa = PBXBuildFile;
			settings = {
			};
		};
		E74DB7B406B460B300004BD4 = {
			fileRef = E789D75C06B17D8900CCD159;
			isa = PBXBuildFile;
			settings = {
			};
		};
		E74DB7B506B460B300004BD4 = {
			fileRef = E765976D06B1C47A00A0CA58;
			isa = PBXBuildFile;
			settings = {
			};
		};
		E74DB7B606B460B300004BD4 = {
			fileRef = E765976F06B1C47A00A0CA58;
			isa = PBXBuildFile;
			settings = {
			};
		};
		E74DB7B706B460B300004BD4 = {
			fileRef = E7659A9406B2DEC700A0CA58;
			isa = PBXBuildFile;
			settings = {
			};
		};
		E74DB7BA06B460B300004BD4 = {
			buildActionMask = 2147483647;
			files = (
				E74DB7BB06B460B300004BD4,
				E74DB7BC06B460B300004BD4,
				E74DB7BD06B460B300004BD4,
				E74DB7BE06B460B300004BD4,
				E74DB7BF06B460B300004BD4,
				E74DB7C006B460B300004BD4,
				E74DB7C106B460B300004BD4,
				E74DB7C206B460B300004BD4,
				E74DB7C306B460B300004BD4,
				E74DB7C406B460B300004BD4,
				E74DB7C506B460B300004BD4,
				E74DB7C606B460B300004BD4,
				E74DB7C706B460B300004BD4,
				E74DB7C806B460B300004BD4,
				E74DB7C906B460B300004BD4,
				E74DB7CA06B460B300004BD4,
				E74DB7CB06B460B300004BD4,
				E74DB7CC06B460B300004BD4,
				E74DB7CD06B460B300004BD4,
				E74DB7CE06B460B300004BD4,
				E74DB7CF06B460B300004BD4,
				E74DB7D006B460B300004BD4,
				E74DB7D106B460B300004BD4,
				E74DB7D206B460B300004BD4,
				E74DB7D306B460B300004BD4,
				E74DB7D406B460B300004BD4,
				E74DB7D506B460B300004BD4,
				E74DB7D606B460B300004BD4,
				E74DB7D706B460B300004BD4,
				E74DB7D806B460B300004BD4,
				E74DB7D906B460B300004BD4,
				E74DB7DA06B460B300004BD4,
				E74DB7DB06B460B300004BD4,
				E74DB7DC06B460B300004BD4,
				E74DB7DD06B460B300004BD4,
				E74DB7DE06B460B300004BD4,
				E7EAD59806B7E16A0040B1C9,
				E7F127FD072C2C090023ADBD,
				E7F1284A072C47750023ADBD,
				E7B0D7E8073BD6F6005B376D,
				E711E00907481ADC00EDF13D,
				E711E00D07481ADC00EDF13D,
				E711E00E07481ADC00EDF13D,
			);
			isa = PBXSourcesBuildPhase;
			runOnlyForDeploymentPostprocessing = 0;
		};
		E74DB7BB06B460B300004BD4 = {
			fileRef = F5A47A9E01A0483001D3D55B;
			isa = PBXBuildFile;
			settings = {
			};
		};
		E74DB7BC06B460B300004BD4 = {
			fileRef = F5A47A9F01A0483001D3D55B;
			isa = PBXBuildFile;
			settings = {
			};
		};
		E74DB7BD06B460B300004BD4 = {
			fileRef = E7004F05065F81B4000FB224;
			isa = PBXBuildFile;
			settings = {
			};
		};
		E74DB7BE06B460B300004BD4 = {
			fileRef = E7E679640663419C004F1581;
			isa = PBXBuildFile;
			settings = {
			};
		};
		E74DB7BF06B460B300004BD4 = {
			fileRef = E7E679AA066353D0004F1581;
			isa = PBXBuildFile;
			settings = {
			};
		};
		E74DB7C006B460B300004BD4 = {
			fileRef = E7E679B706635404004F1581;
			isa = PBXBuildFile;
			settings = {
			};
		};
		E74DB7C106B460B300004BD4 = {
			fileRef = E7E679C20663540C004F1581;
			isa = PBXBuildFile;
			settings = {
			};
		};
		E74DB7C206B460B300004BD4 = {
			fileRef = E7E679CF06635444004F1581;
			isa = PBXBuildFile;
			settings = {
			};
		};
		E74DB7C306B460B300004BD4 = {
			fileRef = E7E679E206635680004F1581;
			isa = PBXBuildFile;
			settings = {
			};
		};
		E74DB7C406B460B300004BD4 = {
			fileRef = E7E679ED066359B6004F1581;
			isa = PBXBuildFile;
			settings = {
			};
		};
		E74DB7C506B460B300004BD4 = {
			fileRef = E7E67A7206635FD8004F1581;
			isa = PBXBuildFile;
			settings = {
			};
		};
		E74DB7C606B460B300004BD4 = {
			fileRef = E7E67A9D066367BF004F1581;
			isa = PBXBuildFile;
			settings = {
			};
		};
		E74DB7C706B460B300004BD4 = {
			fileRef = E7E67AC9066368D8004F1581;
			isa = PBXBuildFile;
			settings = {
			};
		};
		E74DB7C806B460B300004BD4 = {
			fileRef = E7E67B3806638B28004F1581;
			isa = PBXBuildFile;
			settings = {
			};
		};
		E74DB7C906B460B300004BD4 = {
			fileRef = E7E67B7906638C7C004F1581;
			isa = PBXBuildFile;
			settings = {
			};
		};
		E74DB7CA06B460B300004BD4 = {
			fileRef = E7E67CD30663A05B004F1581;
			isa = PBXBuildFile;
			settings = {
			};
		};
		E74DB7CB06B460B300004BD4 = {
			fileRef = E7E67CFC0663A111004F1581;
			isa = PBXBuildFile;
			settings = {
			};
		};
		E74DB7CC06B460B300004BD4 = {
			fileRef = E7E67D2D0663A1CA004F1581;
			isa = PBXBuildFile;
			settings = {
			};
		};
		E74DB7CD06B460B300004BD4 = {
			fileRef = E7E67D660664A76F004F1581;
			isa = PBXBuildFile;
			settings = {
			};
		};
		E74DB7CE06B460B300004BD4 = {
			fileRef = E748CFD2066538E000BF1F9A;
			isa = PBXBuildFile;
			settings = {
			};
		};
		E74DB7CF06B460B300004BD4 = {
			fileRef = E77716D806AF0C9900507FAF;
			isa = PBXBuildFile;
			settings = {
			};
		};
		E74DB7D006B460B300004BD4 = {
			fileRef = E77716DC06AF0C9900507FAF;
			isa = PBXBuildFile;
			settings = {
			};
		};
		E74DB7D106B460B300004BD4 = {
			fileRef = E77716DE06AF0C9900507FAF;
			isa = PBXBuildFile;
			settings = {
			};
		};
		E74DB7D206B460B300004BD4 = {
			fileRef = E77716DF06AF0C9900507FAF;
			isa = PBXBuildFile;
			settings = {
			};
		};
		E74DB7D306B460B300004BD4 = {
			fileRef = E77716E106AF0C9900507FAF;
			isa = PBXBuildFile;
			settings = {
			};
		};
		E74DB7D406B460B300004BD4 = {
			fileRef = E77716E206AF0C9900507FAF;
			isa = PBXBuildFile;
			settings = {
			};
		};
		E74DB7D506B460B300004BD4 = {
			fileRef = E77716E306AF0C9900507FAF;
			isa = PBXBuildFile;
			settings = {
			};
		};
		E74DB7D606B460B300004BD4 = {
			fileRef = E77716E406AF0C9900507FAF;
			isa = PBXBuildFile;
			settings = {
			};
		};
		E74DB7D706B460B300004BD4 = {
			fileRef = E77716E506AF0C9900507FAF;
			isa = PBXBuildFile;
			settings = {
			};
		};
		E74DB7D806B460B300004BD4 = {
			fileRef = E77716E606AF0C9900507FAF;
			isa = PBXBuildFile;
			settings = {
			};
		};
		E74DB7D906B460B300004BD4 = {
			fileRef = E777172A06AF0CEF00507FAF;
			isa = PBXBuildFile;
			settings = {
			};
		};
		E74DB7DA06B460B300004BD4 = {
			fileRef = E77717D106AF0FF900507FAF;
			isa = PBXBuildFile;
			settings = {
			};
		};
		E74DB7DB06B460B300004BD4 = {
			fileRef = E77717D206AF0FF900507FAF;
			isa = PBXBuildFile;
			settings = {
			};
		};
		E74DB7DC06B460B300004BD4 = {
			fileRef = E789D75D06B17D8900CCD159;
			isa = PBXBuildFile;
			settings = {
			};
		};
		E74DB7DD06B460B300004BD4 = {
			fileRef = E765976E06B1C47A00A0CA58;
			isa = PBXBuildFile;
			settings = {
			};
		};
		E74DB7DE06B460B300004BD4 = {
			fileRef = E7659A9506B2DEC700A0CA58;
			isa = PBXBuildFile;
			settings = {
			};
		};
		E74DB7DF06B460B300004BD4 = {
			buildActionMask = 2147483647;
			files = (
				E74DB7E006B460B300004BD4,
			);
			isa = PBXFrameworksBuildPhase;
			runOnlyForDeploymentPostprocessing = 0;
		};
		E74DB7E006B460B300004BD4 = {
			fileRef = 1058C7A1FEA54F0111CA2CBB;
			isa = PBXBuildFile;
			settings = {
			};
		};
		E74DB7E206B460B300004BD4 = {
			explicitFileType = wrapper.application;
			includeInIndex = 0;
			isa = PBXFileReference;
			path = openc2e.app;
			refType = 3;
			sourceTree = BUILT_PRODUCTS_DIR;
		};
		E765976D06B1C47A00A0CA58 = {
			fileEncoding = 30;
			isa = PBXFileReference;
			lastKnownFileType = sourcecode.c.h;
			path = SDL_gfxPrimitives_font.h;
			refType = 4;
			sourceTree = "<group>";
		};
		E765976E06B1C47A00A0CA58 = {
			fileEncoding = 30;
			isa = PBXFileReference;
			lastKnownFileType = sourcecode.c.c;
			path = SDL_gfxPrimitives.c;
			refType = 4;
			sourceTree = "<group>";
		};
		E765976F06B1C47A00A0CA58 = {
			fileEncoding = 30;
			isa = PBXFileReference;
			lastKnownFileType = sourcecode.c.h;
			path = SDL_gfxPrimitives.h;
			refType = 4;
			sourceTree = "<group>";
		};
		E7659A9406B2DEC700A0CA58 = {
			fileEncoding = 4;
			isa = PBXFileReference;
			lastKnownFileType = sourcecode.c.h;
			path = mmapifstream.h;
			refType = 4;
			sourceTree = "<group>";
		};
		E7659A9506B2DEC700A0CA58 = {
			fileEncoding = 4;
			isa = PBXFileReference;
			lastKnownFileType = sourcecode.cpp.cpp;
			path = mmapifstream.cpp;
			refType = 4;
			sourceTree = "<group>";
		};
		E77716D806AF0C9900507FAF = {
			fileEncoding = 30;
			isa = PBXFileReference;
			lastKnownFileType = sourcecode.cpp.cpp;
			path = caosVM_agent.cpp;
			refType = 4;
			sourceTree = "<group>";
		};
		E77716DB06AF0C9900507FAF = {
			fileEncoding = 30;
			isa = PBXFileReference;
			lastKnownFileType = sourcecode.c.h;
			path = caosVM_cmdinfo.h;
			refType = 4;
			sourceTree = "<group>";
		};
		E77716DC06AF0C9900507FAF = {
			fileEncoding = 30;
			isa = PBXFileReference;
			lastKnownFileType = sourcecode.cpp.cpp;
			path = caosVM_compound.cpp;
			refType = 4;
			sourceTree = "<group>";
		};
		E77716DE06AF0C9900507FAF = {
			fileEncoding = 30;
			isa = PBXFileReference;
			lastKnownFileType = sourcecode.cpp.cpp;
			path = caosVM_creatures.cpp;
			refType = 4;
			sourceTree = "<group>";
		};
		E77716DF06AF0C9900507FAF = {
			fileEncoding = 30;
			isa = PBXFileReference;
			lastKnownFileType = sourcecode.cpp.cpp;
			path = caosVM_flow.cpp;
			refType = 4;
			sourceTree = "<group>";
		};
		E77716E106AF0C9900507FAF = {
			fileEncoding = 30;
			isa = PBXFileReference;
			lastKnownFileType = sourcecode.cpp.cpp;
			path = caosVM_motion.cpp;
			refType = 4;
			sourceTree = "<group>";
		};
		E77716E206AF0C9900507FAF = {
			fileEncoding = 30;
			isa = PBXFileReference;
			lastKnownFileType = sourcecode.cpp.cpp;
			path = caosVM_resources.cpp;
			refType = 4;
			sourceTree = "<group>";
		};
		E77716E306AF0C9900507FAF = {
			fileEncoding = 30;
			isa = PBXFileReference;
			lastKnownFileType = sourcecode.cpp.cpp;
			path = caosVM_scripts.cpp;
			refType = 4;
			sourceTree = "<group>";
		};
		E77716E406AF0C9900507FAF = {
			fileEncoding = 30;
			isa = PBXFileReference;
			lastKnownFileType = sourcecode.cpp.cpp;
			path = caosVM_sounds.cpp;
			refType = 4;
			sourceTree = "<group>";
		};
		E77716E506AF0C9900507FAF = {
			fileEncoding = 30;
			isa = PBXFileReference;
			lastKnownFileType = sourcecode.cpp.cpp;
			path = caosVM_time.cpp;
			refType = 4;
			sourceTree = "<group>";
		};
		E77716E606AF0C9900507FAF = {
			fileEncoding = 30;
			isa = PBXFileReference;
			lastKnownFileType = sourcecode.cpp.cpp;
			path = caosVM_variables.cpp;
			refType = 4;
			sourceTree = "<group>";
		};
		E777172A06AF0CEF00507FAF = {
			fileEncoding = 30;
			isa = PBXFileReference;
			lastKnownFileType = sourcecode.cpp.cpp;
			path = creaturesImage.cpp;
			refType = 4;
			sourceTree = "<group>";
		};
		E777176306AF0E8C00507FAF = {
			fileEncoding = 30;
			isa = PBXFileReference;
			lastKnownFileType = sourcecode.c.h;
			path = openc2e.h;
			refType = 4;
			sourceTree = "<group>";
		};
		E77717C506AF0FDA00507FAF = {
			children = (
				E77717D106AF0FF900507FAF,
				E77717D206AF0FF900507FAF,
				E77717D306AF0FF900507FAF,
			);
			isa = PBXGroup;
			name = "cmdinfo-generated";
			refType = 4;
			sourceTree = "<group>";
		};
		E77717D106AF0FF900507FAF = {
			fileEncoding = 30;
			isa = PBXFileReference;
			lastKnownFileType = sourcecode.cpp.cpp;
			path = caosdata.cpp;
			refType = 4;
			sourceTree = "<group>";
		};
		E77717D206AF0FF900507FAF = {
			fileEncoding = 30;
			isa = PBXFileReference;
			lastKnownFileType = sourcecode.cpp.cpp;
			path = caoshashes.cpp;
			refType = 4;
			sourceTree = "<group>";
		};
		E77717D306AF0FF900507FAF = {
			fileEncoding = 30;
			isa = PBXFileReference;
			lastKnownFileType = sourcecode.c.h;
			path = caoshashes.h;
			refType = 4;
			sourceTree = "<group>";
		};
		E789D75C06B17D8900CCD159 = {
			fileEncoding = 4;
			isa = PBXFileReference;
			lastKnownFileType = sourcecode.c.h;
			path = fileSwapper.h;
			refType = 4;
			sourceTree = "<group>";
		};
		E789D75D06B17D8900CCD159 = {
			fileEncoding = 4;
			isa = PBXFileReference;
			lastKnownFileType = sourcecode.cpp.cpp;
			path = fileSwapper.cpp;
			refType = 4;
			sourceTree = "<group>";
		};
		E7B0D7E5073BD6F5005B376D = {
			fileEncoding = 4;
			isa = PBXFileReference;
			lastKnownFileType = sourcecode.c.h;
			path = Scriptorium.h;
			refType = 4;
			sourceTree = "<group>";
		};
		E7B0D7E6073BD6F6005B376D = {
			fileEncoding = 4;
			isa = PBXFileReference;
			lastKnownFileType = sourcecode.cpp.cpp;
			path = Scriptorium.cpp;
			refType = 4;
			sourceTree = "<group>";
		};
		E7B0D7E7073BD6F6005B376D = {
			fileRef = E7B0D7E5073BD6F5005B376D;
			isa = PBXBuildFile;
			settings = {
			};
		};
		E7B0D7E8073BD6F6005B376D = {
			fileRef = E7B0D7E6073BD6F6005B376D;
			isa = PBXBuildFile;
			settings = {
			};
		};
		E7E679630663419C004F1581 = {
			fileEncoding = 4;
			isa = PBXFileReference;
			lastKnownFileType = sourcecode.c.h;
			path = blkImage.h;
			refType = 4;
			sourceTree = "<group>";
		};
		E7E679640663419C004F1581 = {
			fileEncoding = 4;
			isa = PBXFileReference;
			lastKnownFileType = sourcecode.cpp.cpp;
			path = blkImage.cpp;
			refType = 4;
			sourceTree = "<group>";
		};
		E7E679A1066343AF004F1581 = {
			children = (
				E7E67AC4066368CA004F1581,
				E7E67A6806635FCC004F1581,
				E7E679A5066353C1004F1581,
				E7E67A9C066367BF004F1581,
				E7E67A9D066367BF004F1581,
				E7E67B3706638B28004F1581,
				E7E67B3806638B28004F1581,
			);
			isa = PBXGroup;
			name = "core classes";
			refType = 4;
			sourceTree = "<group>";
		};
		E7E679A5066353C1004F1581 = {
			children = (
				E7E679A9066353D0004F1581,
				E7E679AA066353D0004F1581,
				E7E679B606635404004F1581,
				E7E679B706635404004F1581,
				E7E679C10663540C004F1581,
				E7E679C20663540C004F1581,
				E7E679E106635680004F1581,
				E7E679E206635680004F1581,
				E7E679EC066359B6004F1581,
				E7E679ED066359B6004F1581,
			);
			isa = PBXGroup;
			name = "agent classes";
			refType = 4;
			sourceTree = "<group>";
		};
		E7E679A9066353D0004F1581 = {
			fileEncoding = 4;
			isa = PBXFileReference;
			lastKnownFileType = sourcecode.c.h;
			path = Agent.h;
			refType = 4;
			sourceTree = "<group>";
		};
		E7E679AA066353D0004F1581 = {
			fileEncoding = 4;
			isa = PBXFileReference;
			lastKnownFileType = sourcecode.cpp.cpp;
			path = Agent.cpp;
			refType = 4;
			sourceTree = "<group>";
		};
		E7E679B606635404004F1581 = {
			fileEncoding = 4;
			isa = PBXFileReference;
			lastKnownFileType = sourcecode.c.h;
			path = SimpleAgent.h;
			refType = 4;
			sourceTree = "<group>";
		};
		E7E679B706635404004F1581 = {
			fileEncoding = 4;
			isa = PBXFileReference;
			lastKnownFileType = sourcecode.cpp.cpp;
			path = SimpleAgent.cpp;
			refType = 4;
			sourceTree = "<group>";
		};
		E7E679C10663540C004F1581 = {
			fileEncoding = 4;
			isa = PBXFileReference;
			lastKnownFileType = sourcecode.c.h;
			path = CompoundAgent.h;
			refType = 4;
			sourceTree = "<group>";
		};
		E7E679C20663540C004F1581 = {
			fileEncoding = 4;
			isa = PBXFileReference;
			lastKnownFileType = sourcecode.cpp.cpp;
			path = CompoundAgent.cpp;
			refType = 4;
			sourceTree = "<group>";
		};
		E7E679CE06635444004F1581 = {
			fileEncoding = 4;
			isa = PBXFileReference;
			lastKnownFileType = sourcecode.c.h;
			path = Map.h;
			refType = 4;
			sourceTree = "<group>";
		};
		E7E679CF06635444004F1581 = {
			fileEncoding = 4;
			isa = PBXFileReference;
			lastKnownFileType = sourcecode.cpp.cpp;
			path = Map.cpp;
			refType = 4;
			sourceTree = "<group>";
		};
		E7E679E106635680004F1581 = {
			fileEncoding = 4;
			isa = PBXFileReference;
			lastKnownFileType = sourcecode.c.h;
			path = Vehicle.h;
			refType = 4;
			sourceTree = "<group>";
		};
		E7E679E206635680004F1581 = {
			fileEncoding = 4;
			isa = PBXFileReference;
			lastKnownFileType = sourcecode.cpp.cpp;
			path = Vehicle.cpp;
			refType = 4;
			sourceTree = "<group>";
		};
		E7E679EC066359B6004F1581 = {
			fileEncoding = 4;
			isa = PBXFileReference;
			lastKnownFileType = sourcecode.c.h;
			path = Creature.h;
			refType = 4;
			sourceTree = "<group>";
		};
		E7E679ED066359B6004F1581 = {
			fileEncoding = 4;
			isa = PBXFileReference;
			lastKnownFileType = sourcecode.cpp.cpp;
			path = Creature.cpp;
			refType = 4;
			sourceTree = "<group>";
		};
		E7E67A6806635FCC004F1581 = {
			children = (
				E7E679CE06635444004F1581,
				E7E679CF06635444004F1581,
				E7E67A7106635FD8004F1581,
				E7E67A7206635FD8004F1581,
				E7E67B7806638C7C004F1581,
				E7E67B7906638C7C004F1581,
			);
			isa = PBXGroup;
			name = "map classes";
			refType = 4;
			sourceTree = "<group>";
		};
		E7E67A7106635FD8004F1581 = {
			fileEncoding = 4;
			isa = PBXFileReference;
			lastKnownFileType = sourcecode.c.h;
			path = Room.h;
			refType = 4;
			sourceTree = "<group>";
		};
		E7E67A7206635FD8004F1581 = {
			fileEncoding = 4;
			isa = PBXFileReference;
			lastKnownFileType = sourcecode.cpp.cpp;
			path = Room.cpp;
			refType = 4;
			sourceTree = "<group>";
		};
		E7E67A9C066367BF004F1581 = {
			fileEncoding = 4;
			isa = PBXFileReference;
			lastKnownFileType = sourcecode.c.h;
			path = Camera.h;
			refType = 4;
			sourceTree = "<group>";
		};
		E7E67A9D066367BF004F1581 = {
			fileEncoding = 4;
			isa = PBXFileReference;
			lastKnownFileType = sourcecode.cpp.cpp;
			path = Camera.cpp;
			refType = 4;
			sourceTree = "<group>";
		};
		E7E67AC4066368CA004F1581 = {
			children = (
				E7B0D7E5073BD6F5005B376D,
				E7B0D7E6073BD6F6005B376D,
				E7F127FE072C2C200023ADBD,
				E77717C506AF0FDA00507FAF,
				E7E67AC9066368D8004F1581,
				E7E67AC8066368D8004F1581,
				E77716D806AF0C9900507FAF,
				E7E67D2D0663A1CA004F1581,
				E748CFD2066538E000BF1F9A,
				E77716DB06AF0C9900507FAF,
				E77716DC06AF0C9900507FAF,
				E7E67CD30663A05B004F1581,
				E77716DE06AF0C9900507FAF,
				E7F127FC072C2C090023ADBD,
				E77716DF06AF0C9900507FAF,
				E7EAD59706B7E16A0040B1C9,
				E7E67CFC0663A111004F1581,
				E77716E106AF0C9900507FAF,
				E77716E206AF0C9900507FAF,
				E77716E306AF0C9900507FAF,
				E77716E406AF0C9900507FAF,
				E77716E506AF0C9900507FAF,
				E77716E606AF0C9900507FAF,
				E7E67D660664A76F004F1581,
			);
			isa = PBXGroup;
			name = "caos classes";
			refType = 4;
			sourceTree = "<group>";
		};
		E7E67AC8066368D8004F1581 = {
			fileEncoding = 4;
			isa = PBXFileReference;
			lastKnownFileType = sourcecode.c.h;
			path = caosVM.h;
			refType = 4;
			sourceTree = "<group>";
		};
		E7E67AC9066368D8004F1581 = {
			fileEncoding = 4;
			isa = PBXFileReference;
			lastKnownFileType = sourcecode.cpp.cpp;
			path = caosVM.cpp;
			refType = 4;
			sourceTree = "<group>";
		};
		E7E67B3706638B28004F1581 = {
			fileEncoding = 4;
			isa = PBXFileReference;
			lastKnownFileType = sourcecode.c.h;
			path = World.h;
			refType = 4;
			sourceTree = "<group>";
		};
		E7E67B3806638B28004F1581 = {
			fileEncoding = 4;
			isa = PBXFileReference;
			lastKnownFileType = sourcecode.cpp.cpp;
			path = World.cpp;
			refType = 4;
			sourceTree = "<group>";
		};
		E7E67B7806638C7C004F1581 = {
			fileEncoding = 4;
			isa = PBXFileReference;
			lastKnownFileType = sourcecode.c.h;
			path = MetaRoom.h;
			refType = 4;
			sourceTree = "<group>";
		};
		E7E67B7906638C7C004F1581 = {
			fileEncoding = 4;
			isa = PBXFileReference;
			lastKnownFileType = sourcecode.cpp.cpp;
			path = MetaRoom.cpp;
			refType = 4;
			sourceTree = "<group>";
		};
		E7E67CD30663A05B004F1581 = {
			fileEncoding = 4;
			isa = PBXFileReference;
			lastKnownFileType = sourcecode.cpp.cpp;
			path = caosVM_core.cpp;
			refType = 4;
			sourceTree = "<group>";
		};
		E7E67CFC0663A111004F1581 = {
			fileEncoding = 4;
			isa = PBXFileReference;
			lastKnownFileType = sourcecode.cpp.cpp;
			path = caosVM_map.cpp;
			refType = 4;
			sourceTree = "<group>";
		};
		E7E67D2D0663A1CA004F1581 = {
			fileEncoding = 4;
			isa = PBXFileReference;
			lastKnownFileType = sourcecode.cpp.cpp;
			path = caosVM_camera.cpp;
			refType = 4;
			sourceTree = "<group>";
		};
		E7E67D660664A76F004F1581 = {
			fileEncoding = 4;
			isa = PBXFileReference;
			lastKnownFileType = sourcecode.cpp.cpp;
			path = caosScript.cpp;
			refType = 4;
			sourceTree = "<group>";
		};
		E7EAD59706B7E16A0040B1C9 = {
			fileEncoding = 4;
			isa = PBXFileReference;
			lastKnownFileType = sourcecode.cpp.cpp;
			path = caosVM_input.cpp;
			refType = 4;
			sourceTree = "<group>";
		};
		E7EAD59806B7E16A0040B1C9 = {
			fileRef = E7EAD59706B7E16A0040B1C9;
			isa = PBXBuildFile;
			settings = {
			};
		};
		E7F127FC072C2C090023ADBD = {
			fileEncoding = 30;
			isa = PBXFileReference;
			lastKnownFileType = sourcecode.cpp.cpp;
			path = caosVM_debug.cpp;
			refType = 4;
			sourceTree = "<group>";
		};
		E7F127FD072C2C090023ADBD = {
			fileRef = E7F127FC072C2C090023ADBD;
			isa = PBXBuildFile;
			settings = {
			};
		};
		E7F127FE072C2C200023ADBD = {
			fileEncoding = 30;
			isa = PBXFileReference;
			lastKnownFileType = sourcecode.c.h;
			path = caosScript.h;
			refType = 4;
			sourceTree = "<group>";
		};
		E7F127FF072C2C200023ADBD = {
			fileRef = E7F127FE072C2C200023ADBD;
			isa = PBXBuildFile;
			settings = {
			};
		};
		E7F12847072C47750023ADBD = {
			fileEncoding = 4;
			isa = PBXFileReference;
			lastKnownFileType = sourcecode.c.h;
			path = SDLBackend.h;
			refType = 4;
			sourceTree = "<group>";
		};
		E7F12848072C47750023ADBD = {
			fileEncoding = 4;
			isa = PBXFileReference;
			lastKnownFileType = sourcecode.cpp.cpp;
			path = SDLBackend.cpp;
			refType = 4;
			sourceTree = "<group>";
		};
		E7F12849072C47750023ADBD = {
			fileRef = E7F12847072C47750023ADBD;
			isa = PBXBuildFile;
			settings = {
			};
		};
		E7F1284A072C47750023ADBD = {
			fileRef = E7F12848072C47750023ADBD;
			isa = PBXBuildFile;
			settings = {
			};
		};
//E70
//E71
//E72
//E73
//E74
//F50
//F51
//F52
//F53
//F54
		F5A47A9D01A0482F01D3D55B = {
			fileEncoding = 30;
			isa = PBXFileReference;
			lastKnownFileType = sourcecode.c.h;
			path = SDLMain.h;
			refType = 2;
			sourceTree = SOURCE_ROOT;
		};
		F5A47A9E01A0483001D3D55B = {
			fileEncoding = 30;
			isa = PBXFileReference;
			lastKnownFileType = sourcecode.c.objc;
			path = SDLMain.m;
			refType = 2;
			sourceTree = SOURCE_ROOT;
		};
		F5A47A9F01A0483001D3D55B = {
			fileEncoding = 30;
			isa = PBXFileReference;
			lastKnownFileType = sourcecode.cpp.cpp;
			path = main.cpp;
			refType = 2;
			sourceTree = SOURCE_ROOT;
		};
	};
	rootObject = 29B97313FDCFA39411CA2CEA;
}
